// !$*UTF8*$!
{
	archiveVersion = 1;
	classes = {
	};
	objectVersion = 46;
	objects = {

/* Begin PBXBuildFile section */
		22BF72E1732D71599DDA4D89 /* Pods_PeopleCounter.framework in Frameworks */ = {isa = PBXBuildFile; fileRef = 81D99682DF08CC26552386AC /* Pods_PeopleCounter.framework */; };
		54097DF11D1782BC0047ED36 /* main.m in Sources */ = {isa = PBXBuildFile; fileRef = 54097DF01D1782BC0047ED36 /* main.m */; };
		54097DF41D1782BC0047ED36 /* AppDelegate.m in Sources */ = {isa = PBXBuildFile; fileRef = 54097DF31D1782BC0047ED36 /* AppDelegate.m */; };
		54097DFA1D1782BC0047ED36 /* Main.storyboard in Resources */ = {isa = PBXBuildFile; fileRef = 54097DF81D1782BC0047ED36 /* Main.storyboard */; };
		54097DFC1D1782BC0047ED36 /* Assets.xcassets in Resources */ = {isa = PBXBuildFile; fileRef = 54097DFB1D1782BC0047ED36 /* Assets.xcassets */; };
		54097DFF1D1782BC0047ED36 /* LaunchScreen.storyboard in Resources */ = {isa = PBXBuildFile; fileRef = 54097DFD1D1782BC0047ED36 /* LaunchScreen.storyboard */; };
		54097E111D180C5D0047ED36 /* ImageViewController.m in Sources */ = {isa = PBXBuildFile; fileRef = 54097E101D180C5D0047ED36 /* ImageViewController.m */; };
		542222AD1D561A880063AAD1 /* ACMainViewController.m in Sources */ = {isa = PBXBuildFile; fileRef = 542222AC1D561A880063AAD1 /* ACMainViewController.m */; };
		542222AF1D561AB50063AAD1 /* ACMainView.xib in Resources */ = {isa = PBXBuildFile; fileRef = 542222AE1D561AB50063AAD1 /* ACMainView.xib */; };
		542222B21D5620220063AAD1 /* ACButtonView.m in Sources */ = {isa = PBXBuildFile; fileRef = 542222B11D5620220063AAD1 /* ACButtonView.m */; };
		542222B41D5620330063AAD1 /* ACButtonView.xib in Resources */ = {isa = PBXBuildFile; fileRef = 542222B31D5620330063AAD1 /* ACButtonView.xib */; };
		542222C21D56E3060063AAD1 /* LayoutAnimate.m in Sources */ = {isa = PBXBuildFile; fileRef = 542222BD1D56E3060063AAD1 /* LayoutAnimate.m */; };
		542222C31D56E3060063AAD1 /* LayoutPresentationVC.m in Sources */ = {isa = PBXBuildFile; fileRef = 542222BF1D56E3060063AAD1 /* LayoutPresentationVC.m */; };
		542222C41D56E3060063AAD1 /* MDTransitionDelegate.m in Sources */ = {isa = PBXBuildFile; fileRef = 542222C11D56E3060063AAD1 /* MDTransitionDelegate.m */; };
		542222C81D56E38A0063AAD1 /* PlotViewController.m in Sources */ = {isa = PBXBuildFile; fileRef = 542222C61D56E38A0063AAD1 /* PlotViewController.m */; };
		542222C91D56E38A0063AAD1 /* PlotViewController.xib in Resources */ = {isa = PBXBuildFile; fileRef = 542222C71D56E38A0063AAD1 /* PlotViewController.xib */; };
		542222CC1D57045F0063AAD1 /* PlotDatas.m in Sources */ = {isa = PBXBuildFile; fileRef = 542222CB1D57045F0063AAD1 /* PlotDatas.m */; };
		542222CF1D572BDC0063AAD1 /* ACCostonBtn.m in Sources */ = {isa = PBXBuildFile; fileRef = 542222CE1D572BDC0063AAD1 /* ACCostonBtn.m */; };
		542886D41D66EB4C00557784 /* ACMainViewModel.m in Sources */ = {isa = PBXBuildFile; fileRef = 542886D31D66EB4C00557784 /* ACMainViewModel.m */; };
		542887271D69445500557784 /* Photos.framework in Frameworks */ = {isa = PBXBuildFile; fileRef = 542887261D69445500557784 /* Photos.framework */; };
		542887291D694EC000557784 /* PhotosUI.framework in Frameworks */ = {isa = PBXBuildFile; fileRef = 542887281D694EC000557784 /* PhotosUI.framework */; };
		5428872D1D69568A00557784 /* ACAlbumViewController.m in Sources */ = {isa = PBXBuildFile; fileRef = 5428872B1D69568A00557784 /* ACAlbumViewController.m */; };
		5428872E1D69568A00557784 /* ACAlbumViewController.xib in Resources */ = {isa = PBXBuildFile; fileRef = 5428872C1D69568A00557784 /* ACAlbumViewController.xib */; };
		542887331D69707500557784 /* ACPhotoViewController.m in Sources */ = {isa = PBXBuildFile; fileRef = 542887311D69707500557784 /* ACPhotoViewController.m */; };
		542887341D69707500557784 /* ACPhotoViewController.xib in Resources */ = {isa = PBXBuildFile; fileRef = 542887321D69707500557784 /* ACPhotoViewController.xib */; };
		544C44741D2E8B6B00A638C5 /* UIImage+Bitmap.m in Sources */ = {isa = PBXBuildFile; fileRef = 544C44731D2E8B6B00A638C5 /* UIImage+Bitmap.m */; };
		54832B6D1D21498800192ECB /* PlotViewModel.m in Sources */ = {isa = PBXBuildFile; fileRef = 54832B6C1D21498800192ECB /* PlotViewModel.m */; };
		54832B8E1D23F71800192ECB /* InformViewController.m in Sources */ = {isa = PBXBuildFile; fileRef = 54832B8D1D23F71800192ECB /* InformViewController.m */; };
		54832B931D23FF3800192ECB /* InformViewModel.m in Sources */ = {isa = PBXBuildFile; fileRef = 54832B921D23FF3800192ECB /* InformViewModel.m */; };
		5491D8A61D7876AE00E4D9AA /* ACFreshBtn.m in Sources */ = {isa = PBXBuildFile; fileRef = 5491D8A51D7876AE00E4D9AA /* ACFreshBtn.m */; };
		54ABDEE51D18312D00D2F93D /* TableViewModel.m in Sources */ = {isa = PBXBuildFile; fileRef = 54ABDEE41D18312D00D2F93D /* TableViewModel.m */; };
		54ABDEE91D18ECA200D2F93D /* ImageViewModel.m in Sources */ = {isa = PBXBuildFile; fileRef = 54ABDEE81D18ECA200D2F93D /* ImageViewModel.m */; };
		54EB43DD1E1370FA00AA25C8 /* ACNetWorkManager.m in Sources */ = {isa = PBXBuildFile; fileRef = 54EB43DC1E1370FA00AA25C8 /* ACNetWorkManager.m */; };
		54EB43E01E1938B800AA25C8 /* ACDevModel.m in Sources */ = {isa = PBXBuildFile; fileRef = 54EB43DF1E1938B800AA25C8 /* ACDevModel.m */; };
/* End PBXBuildFile section */

/* Begin PBXFileReference section */
		1307D71EFECD616029324EF3 /* Pods-PeopleCounter.debug.xcconfig */ = {isa = PBXFileReference; includeInIndex = 1; lastKnownFileType = text.xcconfig; name = "Pods-PeopleCounter.debug.xcconfig"; path = "Pods/Target Support Files/Pods-PeopleCounter/Pods-PeopleCounter.debug.xcconfig"; sourceTree = "<group>"; };
		54097DEC1D1782BC0047ED36 /* PeopleCounter.app */ = {isa = PBXFileReference; explicitFileType = wrapper.application; includeInIndex = 0; path = PeopleCounter.app; sourceTree = BUILT_PRODUCTS_DIR; };
		54097DF01D1782BC0047ED36 /* main.m */ = {isa = PBXFileReference; lastKnownFileType = sourcecode.c.objc; path = main.m; sourceTree = "<group>"; };
		54097DF21D1782BC0047ED36 /* AppDelegate.h */ = {isa = PBXFileReference; lastKnownFileType = sourcecode.c.h; path = AppDelegate.h; sourceTree = "<group>"; };
		54097DF31D1782BC0047ED36 /* AppDelegate.m */ = {isa = PBXFileReference; lastKnownFileType = sourcecode.c.objc; path = AppDelegate.m; sourceTree = "<group>"; };
		54097DF91D1782BC0047ED36 /* Base */ = {isa = PBXFileReference; lastKnownFileType = file.storyboard; name = Base; path = Base.lproj/Main.storyboard; sourceTree = "<group>"; };
		54097DFB1D1782BC0047ED36 /* Assets.xcassets */ = {isa = PBXFileReference; lastKnownFileType = folder.assetcatalog; path = Assets.xcassets; sourceTree = "<group>"; };
		54097DFE1D1782BC0047ED36 /* Base */ = {isa = PBXFileReference; lastKnownFileType = file.storyboard; name = Base; path = Base.lproj/LaunchScreen.storyboard; sourceTree = "<group>"; };
		54097E001D1782BC0047ED36 /* Info.plist */ = {isa = PBXFileReference; lastKnownFileType = text.plist.xml; path = Info.plist; sourceTree = "<group>"; };
		54097E0F1D180C5D0047ED36 /* ImageViewController.h */ = {isa = PBXFileReference; fileEncoding = 4; lastKnownFileType = sourcecode.c.h; path = ImageViewController.h; sourceTree = "<group>"; };
		54097E101D180C5D0047ED36 /* ImageViewController.m */ = {isa = PBXFileReference; fileEncoding = 4; lastKnownFileType = sourcecode.c.objc; path = ImageViewController.m; sourceTree = "<group>"; };
		542222AB1D561A880063AAD1 /* ACMainViewController.h */ = {isa = PBXFileReference; fileEncoding = 4; lastKnownFileType = sourcecode.c.h; path = ACMainViewController.h; sourceTree = "<group>"; };
		542222AC1D561A880063AAD1 /* ACMainViewController.m */ = {isa = PBXFileReference; fileEncoding = 4; lastKnownFileType = sourcecode.c.objc; path = ACMainViewController.m; sourceTree = "<group>"; };
		542222AE1D561AB50063AAD1 /* ACMainView.xib */ = {isa = PBXFileReference; fileEncoding = 4; lastKnownFileType = file.xib; path = ACMainView.xib; sourceTree = "<group>"; };
		542222B01D5620220063AAD1 /* ACButtonView.h */ = {isa = PBXFileReference; fileEncoding = 4; lastKnownFileType = sourcecode.c.h; path = ACButtonView.h; sourceTree = "<group>"; };
		542222B11D5620220063AAD1 /* ACButtonView.m */ = {isa = PBXFileReference; fileEncoding = 4; lastKnownFileType = sourcecode.c.objc; path = ACButtonView.m; sourceTree = "<group>"; };
		542222B31D5620330063AAD1 /* ACButtonView.xib */ = {isa = PBXFileReference; fileEncoding = 4; lastKnownFileType = file.xib; path = ACButtonView.xib; sourceTree = "<group>"; };
		542222BC1D56E3060063AAD1 /* LayoutAnimate.h */ = {isa = PBXFileReference; fileEncoding = 4; lastKnownFileType = sourcecode.c.h; path = LayoutAnimate.h; sourceTree = "<group>"; };
		542222BD1D56E3060063AAD1 /* LayoutAnimate.m */ = {isa = PBXFileReference; fileEncoding = 4; lastKnownFileType = sourcecode.c.objc; path = LayoutAnimate.m; sourceTree = "<group>"; };
		542222BE1D56E3060063AAD1 /* LayoutPresentationVC.h */ = {isa = PBXFileReference; fileEncoding = 4; lastKnownFileType = sourcecode.c.h; path = LayoutPresentationVC.h; sourceTree = "<group>"; };
		542222BF1D56E3060063AAD1 /* LayoutPresentationVC.m */ = {isa = PBXFileReference; fileEncoding = 4; lastKnownFileType = sourcecode.c.objc; path = LayoutPresentationVC.m; sourceTree = "<group>"; };
		542222C01D56E3060063AAD1 /* MDTransitionDelegate.h */ = {isa = PBXFileReference; fileEncoding = 4; lastKnownFileType = sourcecode.c.h; path = MDTransitionDelegate.h; sourceTree = "<group>"; };
		542222C11D56E3060063AAD1 /* MDTransitionDelegate.m */ = {isa = PBXFileReference; fileEncoding = 4; lastKnownFileType = sourcecode.c.objc; path = MDTransitionDelegate.m; sourceTree = "<group>"; };
		542222C51D56E38A0063AAD1 /* PlotViewController.h */ = {isa = PBXFileReference; fileEncoding = 4; lastKnownFileType = sourcecode.c.h; path = PlotViewController.h; sourceTree = "<group>"; };
		542222C61D56E38A0063AAD1 /* PlotViewController.m */ = {isa = PBXFileReference; fileEncoding = 4; lastKnownFileType = sourcecode.c.objc; path = PlotViewController.m; sourceTree = "<group>"; };
		542222C71D56E38A0063AAD1 /* PlotViewController.xib */ = {isa = PBXFileReference; fileEncoding = 4; lastKnownFileType = file.xib; path = PlotViewController.xib; sourceTree = "<group>"; };
		542222CA1D57045F0063AAD1 /* PlotDatas.h */ = {isa = PBXFileReference; fileEncoding = 4; lastKnownFileType = sourcecode.c.h; path = PlotDatas.h; sourceTree = "<group>"; };
		542222CB1D57045F0063AAD1 /* PlotDatas.m */ = {isa = PBXFileReference; fileEncoding = 4; lastKnownFileType = sourcecode.c.objc; path = PlotDatas.m; sourceTree = "<group>"; };
		542222CD1D572BDB0063AAD1 /* ACCostonBtn.h */ = {isa = PBXFileReference; fileEncoding = 4; lastKnownFileType = sourcecode.c.h; path = ACCostonBtn.h; sourceTree = "<group>"; };
		542222CE1D572BDC0063AAD1 /* ACCostonBtn.m */ = {isa = PBXFileReference; fileEncoding = 4; lastKnownFileType = sourcecode.c.objc; path = ACCostonBtn.m; sourceTree = "<group>"; };
		542886D21D66EB4C00557784 /* ACMainViewModel.h */ = {isa = PBXFileReference; fileEncoding = 4; lastKnownFileType = sourcecode.c.h; path = ACMainViewModel.h; sourceTree = "<group>"; };
		542886D31D66EB4C00557784 /* ACMainViewModel.m */ = {isa = PBXFileReference; fileEncoding = 4; lastKnownFileType = sourcecode.c.objc; path = ACMainViewModel.m; sourceTree = "<group>"; };
		542887261D69445500557784 /* Photos.framework */ = {isa = PBXFileReference; lastKnownFileType = wrapper.framework; name = Photos.framework; path = System/Library/Frameworks/Photos.framework; sourceTree = SDKROOT; };
		542887281D694EC000557784 /* PhotosUI.framework */ = {isa = PBXFileReference; lastKnownFileType = wrapper.framework; name = PhotosUI.framework; path = System/Library/Frameworks/PhotosUI.framework; sourceTree = SDKROOT; };
		5428872A1D69568A00557784 /* ACAlbumViewController.h */ = {isa = PBXFileReference; fileEncoding = 4; lastKnownFileType = sourcecode.c.h; path = ACAlbumViewController.h; sourceTree = "<group>"; };
		5428872B1D69568A00557784 /* ACAlbumViewController.m */ = {isa = PBXFileReference; fileEncoding = 4; lastKnownFileType = sourcecode.c.objc; path = ACAlbumViewController.m; sourceTree = "<group>"; };
		5428872C1D69568A00557784 /* ACAlbumViewController.xib */ = {isa = PBXFileReference; fileEncoding = 4; lastKnownFileType = file.xib; path = ACAlbumViewController.xib; sourceTree = "<group>"; };
		542887301D69707500557784 /* ACPhotoViewController.h */ = {isa = PBXFileReference; fileEncoding = 4; lastKnownFileType = sourcecode.c.h; path = ACPhotoViewController.h; sourceTree = "<group>"; };
		542887311D69707500557784 /* ACPhotoViewController.m */ = {isa = PBXFileReference; fileEncoding = 4; lastKnownFileType = sourcecode.c.objc; path = ACPhotoViewController.m; sourceTree = "<group>"; };
		542887321D69707500557784 /* ACPhotoViewController.xib */ = {isa = PBXFileReference; fileEncoding = 4; lastKnownFileType = file.xib; path = ACPhotoViewController.xib; sourceTree = "<group>"; };
		544C44721D2E8B6B00A638C5 /* UIImage+Bitmap.h */ = {isa = PBXFileReference; fileEncoding = 4; lastKnownFileType = sourcecode.c.h; path = "UIImage+Bitmap.h"; sourceTree = "<group>"; };
		544C44731D2E8B6B00A638C5 /* UIImage+Bitmap.m */ = {isa = PBXFileReference; fileEncoding = 4; lastKnownFileType = sourcecode.c.objc; path = "UIImage+Bitmap.m"; sourceTree = "<group>"; };
		54832B6B1D21498800192ECB /* PlotViewModel.h */ = {isa = PBXFileReference; fileEncoding = 4; lastKnownFileType = sourcecode.c.h; path = PlotViewModel.h; sourceTree = "<group>"; };
		54832B6C1D21498800192ECB /* PlotViewModel.m */ = {isa = PBXFileReference; fileEncoding = 4; lastKnownFileType = sourcecode.c.objc; path = PlotViewModel.m; sourceTree = "<group>"; };
		54832B8C1D23F71800192ECB /* InformViewController.h */ = {isa = PBXFileReference; fileEncoding = 4; lastKnownFileType = sourcecode.c.h; path = InformViewController.h; sourceTree = "<group>"; };
		54832B8D1D23F71800192ECB /* InformViewController.m */ = {isa = PBXFileReference; fileEncoding = 4; lastKnownFileType = sourcecode.c.objc; path = InformViewController.m; sourceTree = "<group>"; };
		54832B911D23FF3800192ECB /* InformViewModel.h */ = {isa = PBXFileReference; fileEncoding = 4; lastKnownFileType = sourcecode.c.h; path = InformViewModel.h; sourceTree = "<group>"; };
		54832B921D23FF3800192ECB /* InformViewModel.m */ = {isa = PBXFileReference; fileEncoding = 4; lastKnownFileType = sourcecode.c.objc; path = InformViewModel.m; sourceTree = "<group>"; };
		5491D8A41D7876AE00E4D9AA /* ACFreshBtn.h */ = {isa = PBXFileReference; fileEncoding = 4; lastKnownFileType = sourcecode.c.h; path = ACFreshBtn.h; sourceTree = "<group>"; };
		5491D8A51D7876AE00E4D9AA /* ACFreshBtn.m */ = {isa = PBXFileReference; fileEncoding = 4; lastKnownFileType = sourcecode.c.objc; path = ACFreshBtn.m; sourceTree = "<group>"; };
		54ABDEE31D18312D00D2F93D /* TableViewModel.h */ = {isa = PBXFileReference; fileEncoding = 4; lastKnownFileType = sourcecode.c.h; path = TableViewModel.h; sourceTree = "<group>"; };
		54ABDEE41D18312D00D2F93D /* TableViewModel.m */ = {isa = PBXFileReference; fileEncoding = 4; lastKnownFileType = sourcecode.c.objc; path = TableViewModel.m; sourceTree = "<group>"; };
		54ABDEE61D1831EF00D2F93D /* GlobalHeader.h */ = {isa = PBXFileReference; lastKnownFileType = sourcecode.c.h; path = GlobalHeader.h; sourceTree = "<group>"; };
		54ABDEE71D18ECA200D2F93D /* ImageViewModel.h */ = {isa = PBXFileReference; fileEncoding = 4; lastKnownFileType = sourcecode.c.h; path = ImageViewModel.h; sourceTree = "<group>"; };
		54ABDEE81D18ECA200D2F93D /* ImageViewModel.m */ = {isa = PBXFileReference; fileEncoding = 4; lastKnownFileType = sourcecode.c.objc; path = ImageViewModel.m; sourceTree = "<group>"; };
		54EB43DB1E1370FA00AA25C8 /* ACNetWorkManager.h */ = {isa = PBXFileReference; fileEncoding = 4; lastKnownFileType = sourcecode.c.h; path = ACNetWorkManager.h; sourceTree = "<group>"; };
		54EB43DC1E1370FA00AA25C8 /* ACNetWorkManager.m */ = {isa = PBXFileReference; fileEncoding = 4; lastKnownFileType = sourcecode.c.objc; path = ACNetWorkManager.m; sourceTree = "<group>"; };
		54EB43DE1E1938B800AA25C8 /* ACDevModel.h */ = {isa = PBXFileReference; fileEncoding = 4; lastKnownFileType = sourcecode.c.h; path = ACDevModel.h; sourceTree = "<group>"; };
		54EB43DF1E1938B800AA25C8 /* ACDevModel.m */ = {isa = PBXFileReference; fileEncoding = 4; lastKnownFileType = sourcecode.c.objc; path = ACDevModel.m; sourceTree = "<group>"; };
		81D99682DF08CC26552386AC /* Pods_PeopleCounter.framework */ = {isa = PBXFileReference; explicitFileType = wrapper.framework; includeInIndex = 0; path = Pods_PeopleCounter.framework; sourceTree = BUILT_PRODUCTS_DIR; };
		847133DD8C4DE686984EDE17 /* Pods-PeopleCounter.release.xcconfig */ = {isa = PBXFileReference; includeInIndex = 1; lastKnownFileType = text.xcconfig; name = "Pods-PeopleCounter.release.xcconfig"; path = "Pods/Target Support Files/Pods-PeopleCounter/Pods-PeopleCounter.release.xcconfig"; sourceTree = "<group>"; };
/* End PBXFileReference section */

/* Begin PBXFrameworksBuildPhase section */
		54097DE91D1782BC0047ED36 /* Frameworks */ = {
			isa = PBXFrameworksBuildPhase;
			buildActionMask = 2147483647;
			files = (
				542887291D694EC000557784 /* PhotosUI.framework in Frameworks */,
				542887271D69445500557784 /* Photos.framework in Frameworks */,
				22BF72E1732D71599DDA4D89 /* Pods_PeopleCounter.framework in Frameworks */,
			);
			runOnlyForDeploymentPostprocessing = 0;
		};
/* End PBXFrameworksBuildPhase section */

/* Begin PBXGroup section */
		54097DE31D1782BC0047ED36 = {
			isa = PBXGroup;
			children = (
				54097DEE1D1782BC0047ED36 /* PeopleCounter */,
				54097DED1D1782BC0047ED36 /* Products */,
				79710DBE9A7A3FE4E532A28C /* Frameworks */,
				E68D321A4A997CFF74E858DB /* Pods */,
			);
			sourceTree = "<group>";
		};
		54097DED1D1782BC0047ED36 /* Products */ = {
			isa = PBXGroup;
			children = (
				54097DEC1D1782BC0047ED36 /* PeopleCounter.app */,
			);
			name = Products;
			sourceTree = "<group>";
		};
		54097DEE1D1782BC0047ED36 /* PeopleCounter */ = {
			isa = PBXGroup;
			children = (
				54097DF21D1782BC0047ED36 /* AppDelegate.h */,
				54097DF31D1782BC0047ED36 /* AppDelegate.m */,
				54ABDEE61D1831EF00D2F93D /* GlobalHeader.h */,
				544C44721D2E8B6B00A638C5 /* UIImage+Bitmap.h */,
				544C44731D2E8B6B00A638C5 /* UIImage+Bitmap.m */,
				54EB43DB1E1370FA00AA25C8 /* ACNetWorkManager.h */,
				54EB43DC1E1370FA00AA25C8 /* ACNetWorkManager.m */,
				5428872F1D69569200557784 /* PhotoVc */,
				542886CE1D66CF2C00557784 /* ImageVc */,
				542886CB1D66CEFB00557784 /* InformVc */,
				542886C81D66CE4900557784 /* PlotVc */,
				542886C41D66CD8B00557784 /* MainVc */,
				54097DF81D1782BC0047ED36 /* Main.storyboard */,
				54097DFB1D1782BC0047ED36 /* Assets.xcassets */,
				54097DFD1D1782BC0047ED36 /* LaunchScreen.storyboard */,
				54097E001D1782BC0047ED36 /* Info.plist */,
				54097DEF1D1782BC0047ED36 /* Supporting Files */,
				542222BB1D56E1630063AAD1 /* Invalid */,
			);
			path = PeopleCounter;
			sourceTree = "<group>";
		};
		54097DEF1D1782BC0047ED36 /* Supporting Files */ = {
			isa = PBXGroup;
			children = (
				54097DF01D1782BC0047ED36 /* main.m */,
			);
			name = "Supporting Files";
			sourceTree = "<group>";
		};
		542222BB1D56E1630063AAD1 /* Invalid */ = {
			isa = PBXGroup;
			children = (
			);
			name = Invalid;
			sourceTree = "<group>";
		};
		542886C31D66A07300557784 /* Transition */ = {
			isa = PBXGroup;
			children = (
				542222BC1D56E3060063AAD1 /* LayoutAnimate.h */,
				542222BD1D56E3060063AAD1 /* LayoutAnimate.m */,
				542222BE1D56E3060063AAD1 /* LayoutPresentationVC.h */,
				542222BF1D56E3060063AAD1 /* LayoutPresentationVC.m */,
				542222C01D56E3060063AAD1 /* MDTransitionDelegate.h */,
				542222C11D56E3060063AAD1 /* MDTransitionDelegate.m */,
			);
			name = Transition;
			sourceTree = "<group>";
		};
		542886C41D66CD8B00557784 /* MainVc */ = {
			isa = PBXGroup;
			children = (
				542886C31D66A07300557784 /* Transition */,
				542886C71D66CDF200557784 /* Model */,
				542886C51D66CDA300557784 /* View */,
				542886C61D66CDCE00557784 /* ViewModel */,
			);
			name = MainVc;
			sourceTree = "<group>";
		};
		542886C51D66CDA300557784 /* View */ = {
			isa = PBXGroup;
			children = (
				542222CD1D572BDB0063AAD1 /* ACCostonBtn.h */,
				542222CE1D572BDC0063AAD1 /* ACCostonBtn.m */,
				542222B01D5620220063AAD1 /* ACButtonView.h */,
				542222B11D5620220063AAD1 /* ACButtonView.m */,
				542222B31D5620330063AAD1 /* ACButtonView.xib */,
				542222AB1D561A880063AAD1 /* ACMainViewController.h */,
				542222AC1D561A880063AAD1 /* ACMainViewController.m */,
				542222AE1D561AB50063AAD1 /* ACMainView.xib */,
				5491D8A41D7876AE00E4D9AA /* ACFreshBtn.h */,
				5491D8A51D7876AE00E4D9AA /* ACFreshBtn.m */,
			);
			name = View;
			sourceTree = "<group>";
		};
		542886C61D66CDCE00557784 /* ViewModel */ = {
			isa = PBXGroup;
			children = (
				54ABDEE31D18312D00D2F93D /* TableViewModel.h */,
				54ABDEE41D18312D00D2F93D /* TableViewModel.m */,
				542886D21D66EB4C00557784 /* ACMainViewModel.h */,
				542886D31D66EB4C00557784 /* ACMainViewModel.m */,
			);
			name = ViewModel;
			sourceTree = "<group>";
		};
		542886C71D66CDF200557784 /* Model */ = {
			isa = PBXGroup;
			children = (
				54EB43DE1E1938B800AA25C8 /* ACDevModel.h */,
				54EB43DF1E1938B800AA25C8 /* ACDevModel.m */,
			);
			name = Model;
			sourceTree = "<group>";
		};
		542886C81D66CE4900557784 /* PlotVc */ = {
			isa = PBXGroup;
			children = (
				54ABDEE11D18214200D2F93D /* Model */,
				542886C91D66CE5400557784 /* View */,
				542886CA1D66CE7B00557784 /* ViewModel */,
			);
			name = PlotVc;
			sourceTree = "<group>";
		};
		542886C91D66CE5400557784 /* View */ = {
			isa = PBXGroup;
			children = (
				542222C51D56E38A0063AAD1 /* PlotViewController.h */,
				542222C61D56E38A0063AAD1 /* PlotViewController.m */,
				542222C71D56E38A0063AAD1 /* PlotViewController.xib */,
			);
			name = View;
			sourceTree = "<group>";
		};
		542886CA1D66CE7B00557784 /* ViewModel */ = {
			isa = PBXGroup;
			children = (
				54832B6B1D21498800192ECB /* PlotViewModel.h */,
				54832B6C1D21498800192ECB /* PlotViewModel.m */,
			);
			name = ViewModel;
			sourceTree = "<group>";
		};
		542886CB1D66CEFB00557784 /* InformVc */ = {
			isa = PBXGroup;
			children = (
				542886CD1D66CF1000557784 /* ViewModel */,
				542886CC1D66CF0600557784 /* View */,
			);
			name = InformVc;
			sourceTree = "<group>";
		};
		542886CC1D66CF0600557784 /* View */ = {
			isa = PBXGroup;
			children = (
				54832B8C1D23F71800192ECB /* InformViewController.h */,
				54832B8D1D23F71800192ECB /* InformViewController.m */,
			);
			name = View;
			sourceTree = "<group>";
		};
		542886CD1D66CF1000557784 /* ViewModel */ = {
			isa = PBXGroup;
			children = (
				54832B911D23FF3800192ECB /* InformViewModel.h */,
				54832B921D23FF3800192ECB /* InformViewModel.m */,
			);
			name = ViewModel;
			sourceTree = "<group>";
		};
		542886CE1D66CF2C00557784 /* ImageVc */ = {
			isa = PBXGroup;
			children = (
				54ABDEEA1D19065B00D2F93D /* ViewModel */,
				54ABDEE21D18217200D2F93D /* View */,
			);
			name = ImageVc;
			sourceTree = "<group>";
		};
		5428872F1D69569200557784 /* PhotoVc */ = {
			isa = PBXGroup;
			children = (
				5428872A1D69568A00557784 /* ACAlbumViewController.h */,
				5428872B1D69568A00557784 /* ACAlbumViewController.m */,
				5428872C1D69568A00557784 /* ACAlbumViewController.xib */,
				542887301D69707500557784 /* ACPhotoViewController.h */,
				542887311D69707500557784 /* ACPhotoViewController.m */,
				542887321D69707500557784 /* ACPhotoViewController.xib */,
			);
			name = PhotoVc;
			sourceTree = "<group>";
		};
		54ABDEE11D18214200D2F93D /* Model */ = {
			isa = PBXGroup;
			children = (
				542222CA1D57045F0063AAD1 /* PlotDatas.h */,
				542222CB1D57045F0063AAD1 /* PlotDatas.m */,
			);
			name = Model;
			sourceTree = "<group>";
		};
		54ABDEE21D18217200D2F93D /* View */ = {
			isa = PBXGroup;
			children = (
				54097E0F1D180C5D0047ED36 /* ImageViewController.h */,
				54097E101D180C5D0047ED36 /* ImageViewController.m */,
			);
			name = View;
			sourceTree = "<group>";
		};
		54ABDEEA1D19065B00D2F93D /* ViewModel */ = {
			isa = PBXGroup;
			children = (
				54ABDEE71D18ECA200D2F93D /* ImageViewModel.h */,
				54ABDEE81D18ECA200D2F93D /* ImageViewModel.m */,
			);
			name = ViewModel;
			sourceTree = "<group>";
		};
		79710DBE9A7A3FE4E532A28C /* Frameworks */ = {
			isa = PBXGroup;
			children = (
				542887281D694EC000557784 /* PhotosUI.framework */,
				542887261D69445500557784 /* Photos.framework */,
				81D99682DF08CC26552386AC /* Pods_PeopleCounter.framework */,
			);
			name = Frameworks;
			sourceTree = "<group>";
		};
		E68D321A4A997CFF74E858DB /* Pods */ = {
			isa = PBXGroup;
			children = (
				1307D71EFECD616029324EF3 /* Pods-PeopleCounter.debug.xcconfig */,
				847133DD8C4DE686984EDE17 /* Pods-PeopleCounter.release.xcconfig */,
			);
			name = Pods;
			sourceTree = "<group>";
		};
/* End PBXGroup section */

/* Begin PBXNativeTarget section */
		54097DEB1D1782BC0047ED36 /* PeopleCounter */ = {
			isa = PBXNativeTarget;
			buildConfigurationList = 54097E031D1782BC0047ED36 /* Build configuration list for PBXNativeTarget "PeopleCounter" */;
			buildPhases = (
				4E6B5F437280E7F6B92EA75B /* [CP] Check Pods Manifest.lock */,
				54097DE81D1782BC0047ED36 /* Sources */,
				54097DE91D1782BC0047ED36 /* Frameworks */,
				54097DEA1D1782BC0047ED36 /* Resources */,
				1A2EEC62261121DF067C281A /* [CP] Embed Pods Frameworks */,
				F79F59EC7C7C5A91F399AC41 /* [CP] Copy Pods Resources */,
			);
			buildRules = (
			);
			dependencies = (
			);
			name = PeopleCounter;
			productName = PeopleCounter;
			productReference = 54097DEC1D1782BC0047ED36 /* PeopleCounter.app */;
			productType = "com.apple.product-type.application";
		};
/* End PBXNativeTarget section */

/* Begin PBXProject section */
		54097DE41D1782BC0047ED36 /* Project object */ = {
			isa = PBXProject;
			attributes = {
				LastUpgradeCheck = 0720;
				ORGANIZATIONNAME = Air_chen;
				TargetAttributes = {
					54097DEB1D1782BC0047ED36 = {
						CreatedOnToolsVersion = 7.2.1;
						DevelopmentTeam = JBSVZ4GFY2;
					};
				};
			};
			buildConfigurationList = 54097DE71D1782BC0047ED36 /* Build configuration list for PBXProject "PeopleCounter" */;
			compatibilityVersion = "Xcode 3.2";
			developmentRegion = English;
			hasScannedForEncodings = 0;
			knownRegions = (
				en,
				Base,
			);
			mainGroup = 54097DE31D1782BC0047ED36;
			productRefGroup = 54097DED1D1782BC0047ED36 /* Products */;
			projectDirPath = "";
			projectRoot = "";
			targets = (
				54097DEB1D1782BC0047ED36 /* PeopleCounter */,
			);
		};
/* End PBXProject section */

/* Begin PBXResourcesBuildPhase section */
		54097DEA1D1782BC0047ED36 /* Resources */ = {
			isa = PBXResourcesBuildPhase;
			buildActionMask = 2147483647;
			files = (
				5428872E1D69568A00557784 /* ACAlbumViewController.xib in Resources */,
				54097DFF1D1782BC0047ED36 /* LaunchScreen.storyboard in Resources */,
				54097DFC1D1782BC0047ED36 /* Assets.xcassets in Resources */,
				542222B41D5620330063AAD1 /* ACButtonView.xib in Resources */,
				54097DFA1D1782BC0047ED36 /* Main.storyboard in Resources */,
				542222AF1D561AB50063AAD1 /* ACMainView.xib in Resources */,
				542222C91D56E38A0063AAD1 /* PlotViewController.xib in Resources */,
				542887341D69707500557784 /* ACPhotoViewController.xib in Resources */,
			);
			runOnlyForDeploymentPostprocessing = 0;
		};
/* End PBXResourcesBuildPhase section */

/* Begin PBXShellScriptBuildPhase section */
		1A2EEC62261121DF067C281A /* [CP] Embed Pods Frameworks */ = {
			isa = PBXShellScriptBuildPhase;
			buildActionMask = 2147483647;
			files = (
			);
			inputPaths = (
			);
			name = "[CP] Embed Pods Frameworks";
			outputPaths = (
			);
			runOnlyForDeploymentPostprocessing = 0;
			shellPath = /bin/sh;
			shellScript = "\"${SRCROOT}/Pods/Target Support Files/Pods-PeopleCounter/Pods-PeopleCounter-frameworks.sh\"\n";
			showEnvVarsInLog = 0;
		};
		4E6B5F437280E7F6B92EA75B /* [CP] Check Pods Manifest.lock */ = {
			isa = PBXShellScriptBuildPhase;
			buildActionMask = 2147483647;
			files = (
			);
			inputPaths = (
			);
			name = "[CP] Check Pods Manifest.lock";
			outputPaths = (
			);
			runOnlyForDeploymentPostprocessing = 0;
			shellPath = /bin/sh;
			shellScript = "diff \"${PODS_ROOT}/../Podfile.lock\" \"${PODS_ROOT}/Manifest.lock\" > /dev/null\nif [ $? != 0 ] ; then\n    # print error to STDERR\n    echo \"error: The sandbox is not in sync with the Podfile.lock. Run 'pod install' or update your CocoaPods installation.\" >&2\n    exit 1\nfi\n";
			showEnvVarsInLog = 0;
		};
		F79F59EC7C7C5A91F399AC41 /* [CP] Copy Pods Resources */ = {
			isa = PBXShellScriptBuildPhase;
			buildActionMask = 2147483647;
			files = (
			);
			inputPaths = (
			);
			name = "[CP] Copy Pods Resources";
			outputPaths = (
			);
			runOnlyForDeploymentPostprocessing = 0;
			shellPath = /bin/sh;
			shellScript = "\"${SRCROOT}/Pods/Target Support Files/Pods-PeopleCounter/Pods-PeopleCounter-resources.sh\"\n";
			showEnvVarsInLog = 0;
		};
/* End PBXShellScriptBuildPhase section */

/* Begin PBXSourcesBuildPhase section */
		54097DE81D1782BC0047ED36 /* Sources */ = {
			isa = PBXSourcesBuildPhase;
			buildActionMask = 2147483647;
			files = (
				542887331D69707500557784 /* ACPhotoViewController.m in Sources */,
				542886D41D66EB4C00557784 /* ACMainViewModel.m in Sources */,
				54832B931D23FF3800192ECB /* InformViewModel.m in Sources */,
				5428872D1D69568A00557784 /* ACAlbumViewController.m in Sources */,
				54097E111D180C5D0047ED36 /* ImageViewController.m in Sources */,
				542222C41D56E3060063AAD1 /* MDTransitionDelegate.m in Sources */,
				54ABDEE91D18ECA200D2F93D /* ImageViewModel.m in Sources */,
				542222C31D56E3060063AAD1 /* LayoutPresentationVC.m in Sources */,
				544C44741D2E8B6B00A638C5 /* UIImage+Bitmap.m in Sources */,
				542222C21D56E3060063AAD1 /* LayoutAnimate.m in Sources */,
				54ABDEE51D18312D00D2F93D /* TableViewModel.m in Sources */,
				542222AD1D561A880063AAD1 /* ACMainViewController.m in Sources */,
				54832B6D1D21498800192ECB /* PlotViewModel.m in Sources */,
				5491D8A61D7876AE00E4D9AA /* ACFreshBtn.m in Sources */,
				54097DF41D1782BC0047ED36 /* AppDelegate.m in Sources */,
				54097DF11D1782BC0047ED36 /* main.m in Sources */,
				542222CF1D572BDC0063AAD1 /* ACCostonBtn.m in Sources */,
				54EB43DD1E1370FA00AA25C8 /* ACNetWorkManager.m in Sources */,
				54EB43E01E1938B800AA25C8 /* ACDevModel.m in Sources */,
				542222B21D5620220063AAD1 /* ACButtonView.m in Sources */,
				54832B8E1D23F71800192ECB /* InformViewController.m in Sources */,
				542222CC1D57045F0063AAD1 /* PlotDatas.m in Sources */,
				542222C81D56E38A0063AAD1 /* PlotViewController.m in Sources */,
			);
			runOnlyForDeploymentPostprocessing = 0;
		};
/* End PBXSourcesBuildPhase section */

/* Begin PBXVariantGroup section */
		54097DF81D1782BC0047ED36 /* Main.storyboard */ = {
			isa = PBXVariantGroup;
			children = (
				54097DF91D1782BC0047ED36 /* Base */,
			);
			name = Main.storyboard;
			sourceTree = "<group>";
		};
		54097DFD1D1782BC0047ED36 /* LaunchScreen.storyboard */ = {
			isa = PBXVariantGroup;
			children = (
				54097DFE1D1782BC0047ED36 /* Base */,
			);
			name = LaunchScreen.storyboard;
			sourceTree = "<group>";
		};
/* End PBXVariantGroup section */

/* Begin XCBuildConfiguration section */
		54097E011D1782BC0047ED36 /* Debug */ = {
			isa = XCBuildConfiguration;
			buildSettings = {
				ALWAYS_SEARCH_USER_PATHS = NO;
				CLANG_CXX_LANGUAGE_STANDARD = "gnu++0x";
				CLANG_CXX_LIBRARY = "libc++";
				CLANG_ENABLE_MODULES = YES;
				CLANG_ENABLE_OBJC_ARC = YES;
				CLANG_WARN_BOOL_CONVERSION = YES;
				CLANG_WARN_CONSTANT_CONVERSION = YES;
				CLANG_WARN_DIRECT_OBJC_ISA_USAGE = YES_ERROR;
				CLANG_WARN_EMPTY_BODY = YES;
				CLANG_WARN_ENUM_CONVERSION = YES;
				CLANG_WARN_INT_CONVERSION = YES;
				CLANG_WARN_OBJC_ROOT_CLASS = YES_ERROR;
				CLANG_WARN_UNREACHABLE_CODE = YES;
				CLANG_WARN__DUPLICATE_METHOD_MATCH = YES;
				CODE_SIGN_IDENTITY = "iPhone Developer: 252199456@qq.com (27ZE3VASP9)";
				"CODE_SIGN_IDENTITY[sdk=iphoneos*]" = "iPhone Developer: 252199456@qq.com (27ZE3VASP9)";
				COPY_PHASE_STRIP = NO;
				DEBUG_INFORMATION_FORMAT = dwarf;
				ENABLE_STRICT_OBJC_MSGSEND = YES;
				ENABLE_TESTABILITY = YES;
				GCC_C_LANGUAGE_STANDARD = gnu99;
				GCC_DYNAMIC_NO_PIC = NO;
				GCC_NO_COMMON_BLOCKS = YES;
				GCC_OPTIMIZATION_LEVEL = 0;
				GCC_PREPROCESSOR_DEFINITIONS = (
					"DEBUG=1",
					"$(inherited)",
				);
				GCC_WARN_64_TO_32_BIT_CONVERSION = YES;
				GCC_WARN_ABOUT_RETURN_TYPE = YES_ERROR;
				GCC_WARN_UNDECLARED_SELECTOR = YES;
				GCC_WARN_UNINITIALIZED_AUTOS = YES_AGGRESSIVE;
				GCC_WARN_UNUSED_FUNCTION = YES;
				GCC_WARN_UNUSED_VARIABLE = YES;
				IPHONEOS_DEPLOYMENT_TARGET = 9.2;
				MTL_ENABLE_DEBUG_INFO = YES;
				ONLY_ACTIVE_ARCH = YES;
				SDKROOT = iphoneos;
			};
			name = Debug;
		};
		54097E021D1782BC0047ED36 /* Release */ = {
			isa = XCBuildConfiguration;
			buildSettings = {
				ALWAYS_SEARCH_USER_PATHS = NO;
				CLANG_CXX_LANGUAGE_STANDARD = "gnu++0x";
				CLANG_CXX_LIBRARY = "libc++";
				CLANG_ENABLE_MODULES = YES;
				CLANG_ENABLE_OBJC_ARC = YES;
				CLANG_WARN_BOOL_CONVERSION = YES;
				CLANG_WARN_CONSTANT_CONVERSION = YES;
				CLANG_WARN_DIRECT_OBJC_ISA_USAGE = YES_ERROR;
				CLANG_WARN_EMPTY_BODY = YES;
				CLANG_WARN_ENUM_CONVERSION = YES;
				CLANG_WARN_INT_CONVERSION = YES;
				CLANG_WARN_OBJC_ROOT_CLASS = YES_ERROR;
				CLANG_WARN_UNREACHABLE_CODE = YES;
				CLANG_WARN__DUPLICATE_METHOD_MATCH = YES;
				CODE_SIGN_IDENTITY = "iPhone Developer: 252199456@qq.com (27ZE3VASP9)";
				"CODE_SIGN_IDENTITY[sdk=iphoneos*]" = "iPhone Developer: 252199456@qq.com (27ZE3VASP9)";
				COPY_PHASE_STRIP = NO;
				DEBUG_INFORMATION_FORMAT = "dwarf-with-dsym";
				ENABLE_NS_ASSERTIONS = NO;
				ENABLE_STRICT_OBJC_MSGSEND = YES;
				GCC_C_LANGUAGE_STANDARD = gnu99;
				GCC_NO_COMMON_BLOCKS = YES;
				GCC_WARN_64_TO_32_BIT_CONVERSION = YES;
				GCC_WARN_ABOUT_RETURN_TYPE = YES_ERROR;
				GCC_WARN_UNDECLARED_SELECTOR = YES;
				GCC_WARN_UNINITIALIZED_AUTOS = YES_AGGRESSIVE;
				GCC_WARN_UNUSED_FUNCTION = YES;
				GCC_WARN_UNUSED_VARIABLE = YES;
				IPHONEOS_DEPLOYMENT_TARGET = 9.2;
				MTL_ENABLE_DEBUG_INFO = NO;
				SDKROOT = iphoneos;
				VALIDATE_PRODUCT = YES;
			};
			name = Release;
		};
		54097E041D1782BC0047ED36 /* Debug */ = {
			isa = XCBuildConfiguration;
			baseConfigurationReference = 1307D71EFECD616029324EF3 /* Pods-PeopleCounter.debug.xcconfig */;
			buildSettings = {
				ASSETCATALOG_COMPILER_APPICON_NAME = AppIcon;
				CODE_SIGN_IDENTITY = "iPhone Developer";
				"CODE_SIGN_IDENTITY[sdk=iphoneos*]" = "iPhone Developer";
				INFOPLIST_FILE = PeopleCounter/Info.plist;
				LD_RUNPATH_SEARCH_PATHS = "$(inherited) @executable_path/Frameworks";
				PRODUCT_BUNDLE_IDENTIFIER = air.PeopleCounter;
				PRODUCT_NAME = "$(TARGET_NAME)";
				PROVISIONING_PROFILE = "";
				TARGETED_DEVICE_FAMILY = 1;
			};
			name = Debug;
		};
		54097E051D1782BC0047ED36 /* Release */ = {
			isa = XCBuildConfiguration;
			baseConfigurationReference = 847133DD8C4DE686984EDE17 /* Pods-PeopleCounter.release.xcconfig */;
			buildSettings = {
				ASSETCATALOG_COMPILER_APPICON_NAME = AppIcon;
				CODE_SIGN_IDENTITY = "iPhone Developer";
				"CODE_SIGN_IDENTITY[sdk=iphoneos*]" = "iPhone Developer";
				INFOPLIST_FILE = PeopleCounter/Info.plist;
				LD_RUNPATH_SEARCH_PATHS = "$(inherited) @executable_path/Frameworks";
				PRODUCT_BUNDLE_IDENTIFIER = air.PeopleCounter;
				PRODUCT_NAME = "$(TARGET_NAME)";
				PROVISIONING_PROFILE = "";
				TARGETED_DEVICE_FAMILY = 1;
			};
			name = Release;
		};
/* End XCBuildConfiguration section */

/* Begin XCConfigurationList section */
		54097DE71D1782BC0047ED36 /* Build configuration list for PBXProject "PeopleCounter" */ = {
			isa = XCConfigurationList;
			buildConfigurations = (
				54097E011D1782BC0047ED36 /* Debug */,
				54097E021D1782BC0047ED36 /* Release */,
			);
			defaultConfigurationIsVisible = 0;
			defaultConfigurationName = Release;
		};
		54097E031D1782BC0047ED36 /* Build configuration list for PBXNativeTarget "PeopleCounter" */ = {
			isa = XCConfigurationList;
			buildConfigurations = (
				54097E041D1782BC0047ED36 /* Debug */,
				54097E051D1782BC0047ED36 /* Release */,
			);
			defaultConfigurationIsVisible = 0;
			defaultConfigurationName = Release;
		};
/* End XCConfigurationList section */
	};
	rootObject = 54097DE41D1782BC0047ED36 /* Project object */;
}
